// !$*UTF8*$!
{
	archiveVersion = 1;
	classes = {
	};
	objectVersion = 46;
	objects = {

/* Begin PBXBuildFile section */
		63270A4A446A93A338AF8C35 /* libPods.a in Frameworks */ = {isa = PBXBuildFile; fileRef = 0F021DA032906EF0938BD12B /* libPods.a */; };
		D1201AA51CB500FF00551E1B /* AppDelegate.swift in Sources */ = {isa = PBXBuildFile; fileRef = D1201AA41CB500FF00551E1B /* AppDelegate.swift */; };
		D1201AAC1CB500FF00551E1B /* Assets.xcassets in Resources */ = {isa = PBXBuildFile; fileRef = D1201AAB1CB500FF00551E1B /* Assets.xcassets */; };
		D1201AAF1CB500FF00551E1B /* LaunchScreen.storyboard in Resources */ = {isa = PBXBuildFile; fileRef = D1201AAD1CB500FF00551E1B /* LaunchScreen.storyboard */; };
		D1201ABA1CB5010000551E1B /* RentSTTests.swift in Sources */ = {isa = PBXBuildFile; fileRef = D1201AB91CB5010000551E1B /* RentSTTests.swift */; };
		D1201AC51CB5010000551E1B /* RentSTUITests.swift in Sources */ = {isa = PBXBuildFile; fileRef = D1201AC41CB5010000551E1B /* RentSTUITests.swift */; };
		D1201AD31CB5011200551E1B /* PodFile in Resources */ = {isa = PBXBuildFile; fileRef = D1201AD21CB5011200551E1B /* PodFile */; };
		D1201AD71CB504FA00551E1B /* config.swift in Sources */ = {isa = PBXBuildFile; fileRef = D1201AD61CB504FA00551E1B /* config.swift */; };
		D1201AE01CB5064500551E1B /* RankViewController.swift in Sources */ = {isa = PBXBuildFile; fileRef = D1201ADF1CB5064500551E1B /* RankViewController.swift */; };
		D1201AE21CB5065700551E1B /* SearchViewController.swift in Sources */ = {isa = PBXBuildFile; fileRef = D1201AE11CB5065700551E1B /* SearchViewController.swift */; };
		D1201AE41CB5066800551E1B /* PushViewController.swift in Sources */ = {isa = PBXBuildFile; fileRef = D1201AE31CB5066800551E1B /* PushViewController.swift */; };
		D1201AE61CB5067500551E1B /* CircleViewController.swift in Sources */ = {isa = PBXBuildFile; fileRef = D1201AE51CB5067500551E1B /* CircleViewController.swift */; };
		D1201AE81CB5068100551E1B /* MoreViewController.swift in Sources */ = {isa = PBXBuildFile; fileRef = D1201AE71CB5068100551E1B /* MoreViewController.swift */; };
/* End PBXBuildFile section */

/* Begin PBXContainerItemProxy section */
		D1201AB61CB5010000551E1B /* PBXContainerItemProxy */ = {
			isa = PBXContainerItemProxy;
			containerPortal = D1201A991CB500FF00551E1B /* Project object */;
			proxyType = 1;
			remoteGlobalIDString = D1201AA01CB500FF00551E1B;
			remoteInfo = RentST;
		};
		D1201AC11CB5010000551E1B /* PBXContainerItemProxy */ = {
			isa = PBXContainerItemProxy;
			containerPortal = D1201A991CB500FF00551E1B /* Project object */;
			proxyType = 1;
			remoteGlobalIDString = D1201AA01CB500FF00551E1B;
			remoteInfo = RentST;
		};
/* End PBXContainerItemProxy section */

/* Begin PBXFileReference section */
		0F021DA032906EF0938BD12B /* libPods.a */ = {isa = PBXFileReference; explicitFileType = archive.ar; includeInIndex = 0; path = libPods.a; sourceTree = BUILT_PRODUCTS_DIR; };
		5972E8882E4584C687BA0757 /* Pods.debug.xcconfig */ = {isa = PBXFileReference; includeInIndex = 1; lastKnownFileType = text.xcconfig; name = Pods.debug.xcconfig; path = "Pods/Target Support Files/Pods/Pods.debug.xcconfig"; sourceTree = "<group>"; };
		D1201AA11CB500FF00551E1B /* RentST.app */ = {isa = PBXFileReference; explicitFileType = wrapper.application; includeInIndex = 0; path = RentST.app; sourceTree = BUILT_PRODUCTS_DIR; };
		D1201AA41CB500FF00551E1B /* AppDelegate.swift */ = {isa = PBXFileReference; lastKnownFileType = sourcecode.swift; path = AppDelegate.swift; sourceTree = "<group>"; };
		D1201AAB1CB500FF00551E1B /* Assets.xcassets */ = {isa = PBXFileReference; lastKnownFileType = folder.assetcatalog; path = Assets.xcassets; sourceTree = "<group>"; };
		D1201AAE1CB500FF00551E1B /* Base */ = {isa = PBXFileReference; lastKnownFileType = file.storyboard; name = Base; path = Base.lproj/LaunchScreen.storyboard; sourceTree = "<group>"; };
		D1201AB01CB500FF00551E1B /* Info.plist */ = {isa = PBXFileReference; lastKnownFileType = text.plist.xml; path = Info.plist; sourceTree = "<group>"; };
		D1201AB51CB5010000551E1B /* RentSTTests.xctest */ = {isa = PBXFileReference; explicitFileType = wrapper.cfbundle; includeInIndex = 0; path = RentSTTests.xctest; sourceTree = BUILT_PRODUCTS_DIR; };
		D1201AB91CB5010000551E1B /* RentSTTests.swift */ = {isa = PBXFileReference; lastKnownFileType = sourcecode.swift; path = RentSTTests.swift; sourceTree = "<group>"; };
		D1201ABB1CB5010000551E1B /* Info.plist */ = {isa = PBXFileReference; lastKnownFileType = text.plist.xml; path = Info.plist; sourceTree = "<group>"; };
		D1201AC01CB5010000551E1B /* RentSTUITests.xctest */ = {isa = PBXFileReference; explicitFileType = wrapper.cfbundle; includeInIndex = 0; path = RentSTUITests.xctest; sourceTree = BUILT_PRODUCTS_DIR; };
		D1201AC41CB5010000551E1B /* RentSTUITests.swift */ = {isa = PBXFileReference; lastKnownFileType = sourcecode.swift; path = RentSTUITests.swift; sourceTree = "<group>"; };
		D1201AC61CB5010000551E1B /* Info.plist */ = {isa = PBXFileReference; lastKnownFileType = text.plist.xml; path = Info.plist; sourceTree = "<group>"; };
		D1201AD21CB5011200551E1B /* PodFile */ = {isa = PBXFileReference; fileEncoding = 4; lastKnownFileType = text; path = PodFile; sourceTree = "<group>"; };
		D1201AD51CB5040300551E1B /* bridging.h */ = {isa = PBXFileReference; lastKnownFileType = sourcecode.c.h; path = bridging.h; sourceTree = "<group>"; };
		D1201AD61CB504FA00551E1B /* config.swift */ = {isa = PBXFileReference; fileEncoding = 4; lastKnownFileType = sourcecode.swift; path = config.swift; sourceTree = "<group>"; };
		D1201ADF1CB5064500551E1B /* RankViewController.swift */ = {isa = PBXFileReference; fileEncoding = 4; lastKnownFileType = sourcecode.swift; path = RankViewController.swift; sourceTree = "<group>"; };
		D1201AE11CB5065700551E1B /* SearchViewController.swift */ = {isa = PBXFileReference; fileEncoding = 4; lastKnownFileType = sourcecode.swift; path = SearchViewController.swift; sourceTree = "<group>"; };
		D1201AE31CB5066800551E1B /* PushViewController.swift */ = {isa = PBXFileReference; fileEncoding = 4; lastKnownFileType = sourcecode.swift; path = PushViewController.swift; sourceTree = "<group>"; };
		D1201AE51CB5067500551E1B /* CircleViewController.swift */ = {isa = PBXFileReference; fileEncoding = 4; lastKnownFileType = sourcecode.swift; path = CircleViewController.swift; sourceTree = "<group>"; };
		D1201AE71CB5068100551E1B /* MoreViewController.swift */ = {isa = PBXFileReference; fileEncoding = 4; lastKnownFileType = sourcecode.swift; path = MoreViewController.swift; sourceTree = "<group>"; };
		F323F78463BDE8CF257E84DE /* Pods.release.xcconfig */ = {isa = PBXFileReference; includeInIndex = 1; lastKnownFileType = text.xcconfig; name = Pods.release.xcconfig; path = "Pods/Target Support Files/Pods/Pods.release.xcconfig"; sourceTree = "<group>"; };
/* End PBXFileReference section */

/* Begin PBXFrameworksBuildPhase section */
		D1201A9E1CB500FF00551E1B /* Frameworks */ = {
			isa = PBXFrameworksBuildPhase;
			buildActionMask = 2147483647;
			files = (
				63270A4A446A93A338AF8C35 /* libPods.a in Frameworks */,
			);
			runOnlyForDeploymentPostprocessing = 0;
		};
		D1201AB21CB5010000551E1B /* Frameworks */ = {
			isa = PBXFrameworksBuildPhase;
			buildActionMask = 2147483647;
			files = (
			);
			runOnlyForDeploymentPostprocessing = 0;
		};
		D1201ABD1CB5010000551E1B /* Frameworks */ = {
			isa = PBXFrameworksBuildPhase;
			buildActionMask = 2147483647;
			files = (
			);
			runOnlyForDeploymentPostprocessing = 0;
		};
/* End PBXFrameworksBuildPhase section */

/* Begin PBXGroup section */
		3A5DDA568FB1D51F944F9939 /* Frameworks */ = {
			isa = PBXGroup;
			children = (
				0F021DA032906EF0938BD12B /* libPods.a */,
			);
			name = Frameworks;
			sourceTree = "<group>";
		};
		75831783A6B25209FBA0D28A /* Pods */ = {
			isa = PBXGroup;
			children = (
				5972E8882E4584C687BA0757 /* Pods.debug.xcconfig */,
				F323F78463BDE8CF257E84DE /* Pods.release.xcconfig */,
			);
			name = Pods;
			sourceTree = "<group>";
		};
		D1201A981CB500FF00551E1B = {
			isa = PBXGroup;
			children = (
				D1201AD51CB5040300551E1B /* bridging.h */,
				D1201AD21CB5011200551E1B /* PodFile */,
				D1201AA31CB500FF00551E1B /* RentST */,
				D1201AB81CB5010000551E1B /* RentSTTests */,
				D1201AC31CB5010000551E1B /* RentSTUITests */,
				D1201AA21CB500FF00551E1B /* Products */,
				75831783A6B25209FBA0D28A /* Pods */,
				3A5DDA568FB1D51F944F9939 /* Frameworks */,
			);
			sourceTree = "<group>";
		};
		D1201AA21CB500FF00551E1B /* Products */ = {
			isa = PBXGroup;
			children = (
				D1201AA11CB500FF00551E1B /* RentST.app */,
				D1201AB51CB5010000551E1B /* RentSTTests.xctest */,
				D1201AC01CB5010000551E1B /* RentSTUITests.xctest */,
			);
			name = Products;
			sourceTree = "<group>";
		};
		D1201AA31CB500FF00551E1B /* RentST */ = {
			isa = PBXGroup;
			children = (
				D1201ADC1CB5058700551E1B /* more */,
				D1201ADB1CB5057800551E1B /* circle */,
				D1201ADA1CB5057100551E1B /* push */,
				D1201AD91CB5056900551E1B /* search */,
				D1201AD81CB5055A00551E1B /* rank */,
				D1201AA41CB500FF00551E1B /* AppDelegate.swift */,
				D1201AAB1CB500FF00551E1B /* Assets.xcassets */,
				D1201AAD1CB500FF00551E1B /* LaunchScreen.storyboard */,
				D1201AB01CB500FF00551E1B /* Info.plist */,
				D1201AD61CB504FA00551E1B /* config.swift */,
			);
			path = RentST;
			sourceTree = "<group>";
		};
		D1201AB81CB5010000551E1B /* RentSTTests */ = {
			isa = PBXGroup;
			children = (
				D1201AB91CB5010000551E1B /* RentSTTests.swift */,
				D1201ABB1CB5010000551E1B /* Info.plist */,
			);
			path = RentSTTests;
			sourceTree = "<group>";
		};
		D1201AC31CB5010000551E1B /* RentSTUITests */ = {
			isa = PBXGroup;
			children = (
				D1201AC41CB5010000551E1B /* RentSTUITests.swift */,
				D1201AC61CB5010000551E1B /* Info.plist */,
			);
			path = RentSTUITests;
			sourceTree = "<group>";
		};
		D1201AD81CB5055A00551E1B /* rank */ = {
			isa = PBXGroup;
			children = (
				D1201ADF1CB5064500551E1B /* RankViewController.swift */,
			);
			name = rank;
			sourceTree = "<group>";
		};
		D1201AD91CB5056900551E1B /* search */ = {
			isa = PBXGroup;
			children = (
				D1201AE11CB5065700551E1B /* SearchViewController.swift */,
			);
			name = search;
			sourceTree = "<group>";
		};
		D1201ADA1CB5057100551E1B /* push */ = {
			isa = PBXGroup;
			children = (
				D1201AE31CB5066800551E1B /* PushViewController.swift */,
			);
			name = push;
			sourceTree = "<group>";
		};
		D1201ADB1CB5057800551E1B /* circle */ = {
			isa = PBXGroup;
			children = (
				D1201AE51CB5067500551E1B /* CircleViewController.swift */,
			);
			name = circle;
			sourceTree = "<group>";
		};
		D1201ADC1CB5058700551E1B /* more */ = {
			isa = PBXGroup;
			children = (
				D1201AE71CB5068100551E1B /* MoreViewController.swift */,
			);
			name = more;
			sourceTree = "<group>";
		};
/* End PBXGroup section */

/* Begin PBXNativeTarget section */
		D1201AA01CB500FF00551E1B /* RentST */ = {
			isa = PBXNativeTarget;
			buildConfigurationList = D1201AC91CB5010000551E1B /* Build configuration list for PBXNativeTarget "RentST" */;
			buildPhases = (
				2FA91EDFEAD46D120A080AC4 /* Check Pods Manifest.lock */,
				D1201A9D1CB500FF00551E1B /* Sources */,
				D1201A9E1CB500FF00551E1B /* Frameworks */,
				D1201A9F1CB500FF00551E1B /* Resources */,
				AE39ADDD5458A75EA41A1EED /* Embed Pods Frameworks */,
				1E99322FE8A8180C1EFCE652 /* Copy Pods Resources */,
			);
			buildRules = (
			);
			dependencies = (
			);
			name = RentST;
			productName = RentST;
			productReference = D1201AA11CB500FF00551E1B /* RentST.app */;
			productType = "com.apple.product-type.application";
		};
		D1201AB41CB5010000551E1B /* RentSTTests */ = {
			isa = PBXNativeTarget;
			buildConfigurationList = D1201ACC1CB5010000551E1B /* Build configuration list for PBXNativeTarget "RentSTTests" */;
			buildPhases = (
				D1201AB11CB5010000551E1B /* Sources */,
				D1201AB21CB5010000551E1B /* Frameworks */,
				D1201AB31CB5010000551E1B /* Resources */,
			);
			buildRules = (
			);
			dependencies = (
				D1201AB71CB5010000551E1B /* PBXTargetDependency */,
			);
			name = RentSTTests;
			productName = RentSTTests;
			productReference = D1201AB51CB5010000551E1B /* RentSTTests.xctest */;
			productType = "com.apple.product-type.bundle.unit-test";
		};
		D1201ABF1CB5010000551E1B /* RentSTUITests */ = {
			isa = PBXNativeTarget;
			buildConfigurationList = D1201ACF1CB5010000551E1B /* Build configuration list for PBXNativeTarget "RentSTUITests" */;
			buildPhases = (
				D1201ABC1CB5010000551E1B /* Sources */,
				D1201ABD1CB5010000551E1B /* Frameworks */,
				D1201ABE1CB5010000551E1B /* Resources */,
			);
			buildRules = (
			);
			dependencies = (
				D1201AC21CB5010000551E1B /* PBXTargetDependency */,
			);
			name = RentSTUITests;
			productName = RentSTUITests;
			productReference = D1201AC01CB5010000551E1B /* RentSTUITests.xctest */;
			productType = "com.apple.product-type.bundle.ui-testing";
		};
/* End PBXNativeTarget section */

/* Begin PBXProject section */
		D1201A991CB500FF00551E1B /* Project object */ = {
			isa = PBXProject;
			attributes = {
				LastSwiftUpdateCheck = 0730;
				LastUpgradeCheck = 0730;
				ORGANIZATIONNAME = hxb;
				TargetAttributes = {
					D1201AA01CB500FF00551E1B = {
						CreatedOnToolsVersion = 7.3;
					};
					D1201AB41CB5010000551E1B = {
						CreatedOnToolsVersion = 7.3;
						TestTargetID = D1201AA01CB500FF00551E1B;
					};
					D1201ABF1CB5010000551E1B = {
						CreatedOnToolsVersion = 7.3;
						TestTargetID = D1201AA01CB500FF00551E1B;
					};
				};
			};
			buildConfigurationList = D1201A9C1CB500FF00551E1B /* Build configuration list for PBXProject "RentST" */;
			compatibilityVersion = "Xcode 3.2";
			developmentRegion = English;
			hasScannedForEncodings = 0;
			knownRegions = (
				en,
				Base,
			);
			mainGroup = D1201A981CB500FF00551E1B;
			productRefGroup = D1201AA21CB500FF00551E1B /* Products */;
			projectDirPath = "";
			projectRoot = "";
			targets = (
				D1201AA01CB500FF00551E1B /* RentST */,
				D1201AB41CB5010000551E1B /* RentSTTests */,
				D1201ABF1CB5010000551E1B /* RentSTUITests */,
			);
		};
/* End PBXProject section */

/* Begin PBXResourcesBuildPhase section */
		D1201A9F1CB500FF00551E1B /* Resources */ = {
			isa = PBXResourcesBuildPhase;
			buildActionMask = 2147483647;
			files = (
				D1201AAF1CB500FF00551E1B /* LaunchScreen.storyboard in Resources */,
				D1201AAC1CB500FF00551E1B /* Assets.xcassets in Resources */,
				D1201AD31CB5011200551E1B /* PodFile in Resources */,
			);
			runOnlyForDeploymentPostprocessing = 0;
		};
		D1201AB31CB5010000551E1B /* Resources */ = {
			isa = PBXResourcesBuildPhase;
			buildActionMask = 2147483647;
			files = (
			);
			runOnlyForDeploymentPostprocessing = 0;
		};
		D1201ABE1CB5010000551E1B /* Resources */ = {
			isa = PBXResourcesBuildPhase;
			buildActionMask = 2147483647;
			files = (
			);
			runOnlyForDeploymentPostprocessing = 0;
		};
/* End PBXResourcesBuildPhase section */

/* Begin PBXShellScriptBuildPhase section */
		1E99322FE8A8180C1EFCE652 /* Copy Pods Resources */ = {
			isa = PBXShellScriptBuildPhase;
			buildActionMask = 2147483647;
			files = (
			);
			inputPaths = (
			);
			name = "Copy Pods Resources";
			outputPaths = (
			);
			runOnlyForDeploymentPostprocessing = 0;
			shellPath = /bin/sh;
			shellScript = "\"${SRCROOT}/Pods/Target Support Files/Pods/Pods-resources.sh\"\n";
			showEnvVarsInLog = 0;
		};
		2FA91EDFEAD46D120A080AC4 /* Check Pods Manifest.lock */ = {
			isa = PBXShellScriptBuildPhase;
			buildActionMask = 2147483647;
			files = (
			);
			inputPaths = (
			);
			name = "Check Pods Manifest.lock";
			outputPaths = (
			);
			runOnlyForDeploymentPostprocessing = 0;
			shellPath = /bin/sh;
			shellScript = "diff \"${PODS_ROOT}/../Podfile.lock\" \"${PODS_ROOT}/Manifest.lock\" > /dev/null\nif [[ $? != 0 ]] ; then\n    cat << EOM\nerror: The sandbox is not in sync with the Podfile.lock. Run 'pod install' or update your CocoaPods installation.\nEOM\n    exit 1\nfi\n";
			showEnvVarsInLog = 0;
		};
		AE39ADDD5458A75EA41A1EED /* Embed Pods Frameworks */ = {
			isa = PBXShellScriptBuildPhase;
			buildActionMask = 2147483647;
			files = (
			);
			inputPaths = (
			);
			name = "Embed Pods Frameworks";
			outputPaths = (
			);
			runOnlyForDeploymentPostprocessing = 0;
			shellPath = /bin/sh;
			shellScript = "\"${SRCROOT}/Pods/Target Support Files/Pods/Pods-frameworks.sh\"\n";
			showEnvVarsInLog = 0;
		};
/* End PBXShellScriptBuildPhase section */

/* Begin PBXSourcesBuildPhase section */
		D1201A9D1CB500FF00551E1B /* Sources */ = {
			isa = PBXSourcesBuildPhase;
			buildActionMask = 2147483647;
			files = (
				D1201AE81CB5068100551E1B /* MoreViewController.swift in Sources */,
				D1201AD71CB504FA00551E1B /* config.swift in Sources */,
				D1201AA51CB500FF00551E1B /* AppDelegate.swift in Sources */,
				D1201AE61CB5067500551E1B /* CircleViewController.swift in Sources */,
				D1201AE21CB5065700551E1B /* SearchViewController.swift in Sources */,
				D1201AE41CB5066800551E1B /* PushViewController.swift in Sources */,
				D1201AE01CB5064500551E1B /* RankViewController.swift in Sources */,
			);
			runOnlyForDeploymentPostprocessing = 0;
		};
		D1201AB11CB5010000551E1B /* Sources */ = {
			isa = PBXSourcesBuildPhase;
			buildActionMask = 2147483647;
			files = (
				D1201ABA1CB5010000551E1B /* RentSTTests.swift in Sources */,
			);
			runOnlyForDeploymentPostprocessing = 0;
		};
		D1201ABC1CB5010000551E1B /* Sources */ = {
			isa = PBXSourcesBuildPhase;
			buildActionMask = 2147483647;
			files = (
				D1201AC51CB5010000551E1B /* RentSTUITests.swift in Sources */,
			);
			runOnlyForDeploymentPostprocessing = 0;
		};
/* End PBXSourcesBuildPhase section */

/* Begin PBXTargetDependency section */
		D1201AB71CB5010000551E1B /* PBXTargetDependency */ = {
			isa = PBXTargetDependency;
			target = D1201AA01CB500FF00551E1B /* RentST */;
			targetProxy = D1201AB61CB5010000551E1B /* PBXContainerItemProxy */;
		};
		D1201AC21CB5010000551E1B /* PBXTargetDependency */ = {
			isa = PBXTargetDependency;
			target = D1201AA01CB500FF00551E1B /* RentST */;
			targetProxy = D1201AC11CB5010000551E1B /* PBXContainerItemProxy */;
		};
/* End PBXTargetDependency section */

/* Begin PBXVariantGroup section */
		D1201AAD1CB500FF00551E1B /* LaunchScreen.storyboard */ = {
			isa = PBXVariantGroup;
			children = (
				D1201AAE1CB500FF00551E1B /* Base */,
			);
			name = LaunchScreen.storyboard;
			sourceTree = "<group>";
		};
/* End PBXVariantGroup section */

/* Begin XCBuildConfiguration section */
		D1201AC71CB5010000551E1B /* Debug */ = {
			isa = XCBuildConfiguration;
			buildSettings = {
				ALWAYS_SEARCH_USER_PATHS = NO;
				CLANG_ANALYZER_NONNULL = YES;
				CLANG_CXX_LANGUAGE_STANDARD = "gnu++0x";
				CLANG_CXX_LIBRARY = "libc++";
				CLANG_ENABLE_MODULES = YES;
				CLANG_ENABLE_OBJC_ARC = YES;
				CLANG_WARN_BOOL_CONVERSION = YES;
				CLANG_WARN_CONSTANT_CONVERSION = YES;
				CLANG_WARN_DIRECT_OBJC_ISA_USAGE = YES_ERROR;
				CLANG_WARN_EMPTY_BODY = YES;
				CLANG_WARN_ENUM_CONVERSION = YES;
				CLANG_WARN_INT_CONVERSION = YES;
				CLANG_WARN_OBJC_ROOT_CLASS = YES_ERROR;
				CLANG_WARN_UNREACHABLE_CODE = YES;
				CLANG_WARN__DUPLICATE_METHOD_MATCH = YES;
				"CODE_SIGN_IDENTITY[sdk=iphoneos*]" = "iPhone Developer";
				COPY_PHASE_STRIP = NO;
				DEBUG_INFORMATION_FORMAT = dwarf;
				ENABLE_STRICT_OBJC_MSGSEND = YES;
				ENABLE_TESTABILITY = YES;
				GCC_C_LANGUAGE_STANDARD = gnu99;
				GCC_DYNAMIC_NO_PIC = NO;
				GCC_NO_COMMON_BLOCKS = YES;
				GCC_OPTIMIZATION_LEVEL = 0;
				GCC_PREPROCESSOR_DEFINITIONS = (
					"DEBUG=1",
					"$(inherited)",
				);
				GCC_WARN_64_TO_32_BIT_CONVERSION = YES;
				GCC_WARN_ABOUT_RETURN_TYPE = YES_ERROR;
				GCC_WARN_UNDECLARED_SELECTOR = YES;
				GCC_WARN_UNINITIALIZED_AUTOS = YES_AGGRESSIVE;
				GCC_WARN_UNUSED_FUNCTION = YES;
				GCC_WARN_UNUSED_VARIABLE = YES;
				IPHONEOS_DEPLOYMENT_TARGET = 9.3;
				MTL_ENABLE_DEBUG_INFO = YES;
				ONLY_ACTIVE_ARCH = YES;
				SDKROOT = iphoneos;
				SWIFT_OBJC_BRIDGING_HEADER = bridging.h;
				SWIFT_OPTIMIZATION_LEVEL = "-Onone";
				TARGETED_DEVICE_FAMILY = "1,2";
			};
			name = Debug;
		};
		D1201AC81CB5010000551E1B /* Release */ = {
			isa = XCBuildConfiguration;
			buildSettings = {
				ALWAYS_SEARCH_USER_PATHS = NO;
				CLANG_ANALYZER_NONNULL = YES;
				CLANG_CXX_LANGUAGE_STANDARD = "gnu++0x";
				CLANG_CXX_LIBRARY = "libc++";
				CLANG_ENABLE_MODULES = YES;
				CLANG_ENABLE_OBJC_ARC = YES;
				CLANG_WARN_BOOL_CONVERSION = YES;
				CLANG_WARN_CONSTANT_CONVERSION = YES;
				CLANG_WARN_DIRECT_OBJC_ISA_USAGE = YES_ERROR;
				CLANG_WARN_EMPTY_BODY = YES;
				CLANG_WARN_ENUM_CONVERSION = YES;
				CLANG_WARN_INT_CONVERSION = YES;
				CLANG_WARN_OBJC_ROOT_CLASS = YES_ERROR;
				CLANG_WARN_UNREACHABLE_CODE = YES;
				CLANG_WARN__DUPLICATE_METHOD_MATCH = YES;
				"CODE_SIGN_IDENTITY[sdk=iphoneos*]" = "iPhone Developer";
				COPY_PHASE_STRIP = NO;
				DEBUG_INFORMATION_FORMAT = "dwarf-with-dsym";
				ENABLE_NS_ASSERTIONS = NO;
				ENABLE_STRICT_OBJC_MSGSEND = YES;
				GCC_C_LANGUAGE_STANDARD = gnu99;
				GCC_NO_COMMON_BLOCKS = YES;
				GCC_WARN_64_TO_32_BIT_CONVERSION = YES;
				GCC_WARN_ABOUT_RETURN_TYPE = YES_ERROR;
				GCC_WARN_UNDECLARED_SELECTOR = YES;
				GCC_WARN_UNINITIALIZED_AUTOS = YES_AGGRESSIVE;
				GCC_WARN_UNUSED_FUNCTION = YES;
				GCC_WARN_UNUSED_VARIABLE = YES;
				IPHONEOS_DEPLOYMENT_TARGET = 9.3;
				MTL_ENABLE_DEBUG_INFO = NO;
				SDKROOT = iphoneos;
				SWIFT_OBJC_BRIDGING_HEADER = bridging.h;
				TARGETED_DEVICE_FAMILY = "1,2";
				VALIDATE_PRODUCT = YES;
			};
			name = Release;
		};
		D1201ACA1CB5010000551E1B /* Debug */ = {
			isa = XCBuildConfiguration;
			baseConfigurationReference = 5972E8882E4584C687BA0757 /* Pods.debug.xcconfig */;
			buildSettings = {
				ASSETCATALOG_COMPILER_APPICON_NAME = AppIcon;
				INFOPLIST_FILE = RentST/Info.plist;
				LD_RUNPATH_SEARCH_PATHS = "$(inherited) @executable_path/Frameworks";
				PRODUCT_BUNDLE_IDENTIFIER = com.hxbxcode.RentST;
				PRODUCT_NAME = "$(TARGET_NAME)";
			};
			name = Debug;
		};
		D1201ACB1CB5010000551E1B /* Release */ = {
			isa = XCBuildConfiguration;
			baseConfigurationReference = F323F78463BDE8CF257E84DE /* Pods.release.xcconfig */;
			buildSettings = {
				ASSETCATALOG_COMPILER_APPICON_NAME = AppIcon;
				INFOPLIST_FILE = RentST/Info.plist;
				LD_RUNPATH_SEARCH_PATHS = "$(inherited) @executable_path/Frameworks";
				PRODUCT_BUNDLE_IDENTIFIER = com.hxbxcode.RentST;
				PRODUCT_NAME = "$(TARGET_NAME)";
			};
			name = Release;
		};
		D1201ACD1CB5010000551E1B /* Debug */ = {
			isa = XCBuildConfiguration;
			buildSettings = {
				BUNDLE_LOADER = "$(TEST_HOST)";
				INFOPLIST_FILE = RentSTTests/Info.plist;
				LD_RUNPATH_SEARCH_PATHS = "$(inherited) @executable_path/Frameworks @loader_path/Frameworks";
				PRODUCT_BUNDLE_IDENTIFIER = com.hxbxcode.RentSTTests;
				PRODUCT_NAME = "$(TARGET_NAME)";
				TEST_HOST = "$(BUILT_PRODUCTS_DIR)/RentST.app/RentST";
			};
			name = Debug;
		};
		D1201ACE1CB5010000551E1B /* Release */ = {
			isa = XCBuildConfiguration;
			buildSettings = {
				BUNDLE_LOADER = "$(TEST_HOST)";
				INFOPLIST_FILE = RentSTTests/Info.plist;
				LD_RUNPATH_SEARCH_PATHS = "$(inherited) @executable_path/Frameworks @loader_path/Frameworks";
				PRODUCT_BUNDLE_IDENTIFIER = com.hxbxcode.RentSTTests;
				PRODUCT_NAME = "$(TARGET_NAME)";
				TEST_HOST = "$(BUILT_PRODUCTS_DIR)/RentST.app/RentST";
			};
			name = Release;
		};
		D1201AD01CB5010000551E1B /* Debug */ = {
			isa = XCBuildConfiguration;
			buildSettings = {
				INFOPLIST_FILE = RentSTUITests/Info.plist;
				LD_RUNPATH_SEARCH_PATHS = "$(inherited) @executable_path/Frameworks @loader_path/Frameworks";
				PRODUCT_BUNDLE_IDENTIFIER = com.hxbxcode.RentSTUITests;
				PRODUCT_NAME = "$(TARGET_NAME)";
				TEST_TARGET_NAME = RentST;
			};
			name = Debug;
		};
		D1201AD11CB5010000551E1B /* Release */ = {
			isa = XCBuildConfiguration;
			buildSettings = {
				INFOPLIST_FILE = RentSTUITests/Info.plist;
				LD_RUNPATH_SEARCH_PATHS = "$(inherited) @executable_path/Frameworks @loader_path/Frameworks";
				PRODUCT_BUNDLE_IDENTIFIER = com.hxbxcode.RentSTUITests;
				PRODUCT_NAME = "$(TARGET_NAME)";
				TEST_TARGET_NAME = RentST;
			};
			name = Release;
		};
/* End XCBuildConfiguration section */

/* Begin XCConfigurationList section */
		D1201A9C1CB500FF00551E1B /* Build configuration list for PBXProject "RentST" */ = {
			isa = XCConfigurationList;
			buildConfigurations = (
				D1201AC71CB5010000551E1B /* Debug */,
				D1201AC81CB5010000551E1B /* Release */,
			);
			defaultConfigurationIsVisible = 0;
			defaultConfigurationName = Release;
		};
		D1201AC91CB5010000551E1B /* Build configuration list for PBXNativeTarget "RentST" */ = {
			isa = XCConfigurationList;
			buildConfigurations = (
				D1201ACA1CB5010000551E1B /* Debug */,
				D1201ACB1CB5010000551E1B /* Release */,
			);
			defaultConfigurationIsVisible = 0;
			defaultConfigurationName = Release;
		};
		D1201ACC1CB5010000551E1B /* Build configuration list for PBXNativeTarget "RentSTTests" */ = {
			isa = XCConfigurationList;
			buildConfigurations = (
				D1201ACD1CB5010000551E1B /* Debug */,
				D1201ACE1CB5010000551E1B /* Release */,
			);
			defaultConfigurationIsVisible = 0;
			defaultConfigurationName = Release;
		};
		D1201ACF1CB5010000551E1B /* Build configuration list for PBXNativeTarget "RentSTUITests" */ = {
			isa = XCConfigurationList;
			buildConfigurations = (
				D1201AD01CB5010000551E1B /* Debug */,
				D1201AD11CB5010000551E1B /* Release */,
			);
			defaultConfigurationIsVisible = 0;
			defaultConfigurationName = Release;
		};
/* End XCConfigurationList section */
	};
	rootObject = D1201A991CB500FF00551E1B /* Project object */;
}
